
Microsoft Visual Studio Solution File, Format Version 12.00
# Visual Studio Version 17
VisualStudioVersion = 17.0.31903.59
MinimumVisualStudioVersion = 10.0.40219.1
Project("{FAE04EC0-301F-11D3-BF4B-00C04F79EFBC}") = "InDuckTor.Shared", "src\InDuckTor.Shared\InDuckTor.Shared.csproj", "{D767203F-AEC8-4E2F-B65B-8EDE7F7FB000}"
EndProject
Project("{FAE04EC0-301F-11D3-BF4B-00C04F79EFBC}") = "InDuckTor.Shared.Security.Jwt", "src\InDuckTor.Shared.Security.Jwt\InDuckTor.Shared.Security.Jwt.csproj", "{6155A7EF-3ED4-4A81-A2F8-E3D27114EB34}"
EndProject
Project("{FAE04EC0-301F-11D3-BF4B-00C04F79EFBC}") = "InDuckTor.Shared.Security.Http", "src\InDuckTor.Shared.Security.Http\InDuckTor.Shared.Security.Http.csproj", "{7B0A3DBF-40A1-4FF5-8D49-497F7425B009}"
EndProject
Project("{FAE04EC0-301F-11D3-BF4B-00C04F79EFBC}") = "InDuckTor.Shared.Configuration.Swagger", "src\InDuckTor.Shared.Configuration.Swagger\InDuckTor.Shared.Configuration.Swagger.csproj", "{9F72A9C1-76CC-49A9-AB26-0B0D15ACF512}"
EndProject
Global
	GlobalSection(SolutionConfigurationPlatforms) = preSolution
		Debug|Any CPU = Debug|Any CPU
		Release|Any CPU = Release|Any CPU
	EndGlobalSection
	GlobalSection(SolutionProperties) = preSolution
		HideSolutionNode = FALSE
	EndGlobalSection
	GlobalSection(ProjectConfigurationPlatforms) = postSolution
		{D767203F-AEC8-4E2F-B65B-8EDE7F7FB000}.Debug|Any CPU.ActiveCfg = Debug|Any CPU
		{D767203F-AEC8-4E2F-B65B-8EDE7F7FB000}.Debug|Any CPU.Build.0 = Debug|Any CPU
		{D767203F-AEC8-4E2F-B65B-8EDE7F7FB000}.Release|Any CPU.ActiveCfg = Release|Any CPU
		{D767203F-AEC8-4E2F-B65B-8EDE7F7FB000}.Release|Any CPU.Build.0 = Release|Any CPU
		{6155A7EF-3ED4-4A81-A2F8-E3D27114EB34}.Debug|Any CPU.ActiveCfg = Debug|Any CPU
		{6155A7EF-3ED4-4A81-A2F8-E3D27114EB34}.Debug|Any CPU.Build.0 = Debug|Any CPU
		{6155A7EF-3ED4-4A81-A2F8-E3D27114EB34}.Release|Any CPU.ActiveCfg = Release|Any CPU
		{6155A7EF-3ED4-4A81-A2F8-E3D27114EB34}.Release|Any CPU.Build.0 = Release|Any CPU
		{7B0A3DBF-40A1-4FF5-8D49-497F7425B009}.Debug|Any CPU.ActiveCfg = Debug|Any CPU
		{7B0A3DBF-40A1-4FF5-8D49-497F7425B009}.Debug|Any CPU.Build.0 = Debug|Any CPU
		{7B0A3DBF-40A1-4FF5-8D49-497F7425B009}.Release|Any CPU.ActiveCfg = Release|Any CPU
		{7B0A3DBF-40A1-4FF5-8D49-497F7425B009}.Release|Any CPU.Build.0 = Release|Any CPU
		{9F72A9C1-76CC-49A9-AB26-0B0D15ACF512}.Debug|Any CPU.ActiveCfg = Debug|Any CPU
		{9F72A9C1-76CC-49A9-AB26-0B0D15ACF512}.Debug|Any CPU.Build.0 = Debug|Any CPU
		{9F72A9C1-76CC-49A9-AB26-0B0D15ACF512}.Release|Any CPU.ActiveCfg = Release|Any CPU
		{9F72A9C1-76CC-49A9-AB26-0B0D15ACF512}.Release|Any CPU.Build.0 = Release|Any CPU
	EndGlobalSection
EndGlobal
